{
    "_readme": [
        "This file locks the dependencies of your project to a known state",
        "Read more about it at http://getcomposer.org/doc/01-basic-usage.md#composer-lock-the-lock-file"
    ],
    "hash": "0a93093ed7156256bc91218b3ddfa25c",
    "packages": [
        {
            "name": "afroald/php-sprockets",
            "version": "dev-master",
            "source": {
                "type": "git",
                "url": "https://github.com/afroald/php-sprockets.git",
                "reference": "8ea2e8d705231652eaa24c5a0feb9cf30b88c8b6"
            },
            "dist": {
                "type": "zip",
                "url": "https://api.github.com/repos/afroald/php-sprockets/zipball/8ea2e8d705231652eaa24c5a0feb9cf30b88c8b6",
                "reference": "8ea2e8d705231652eaa24c5a0feb9cf30b88c8b6",
                "shasum": ""
            },
            "require": {
                "chh/shellwords": "0.1.0",
                "symfony/filesystem": "2.3.*",
                "symfony/finder": "2.3.*",
                "symfony/http-foundation": "2.3.*",
                "symfony/process": "2.3.*"
            },
            "require-dev": {
                "mockery/mockery": "0.8.*",
                "oodle/krumo": "0.2.3",
                "phpunit/phpunit": "3.7.*",
                "symfony/debug": "2.3.*"
            },
            "type": "library",
            "autoload": {
                "psr-0": {
                    "Sprockets": "src/"
                }
            },
            "authors": [
                {
                    "name": "Roald Hacquebord",
                    "email": "roald@hacquebordbuckles.nl"
                }
            ],
            "description": "A port (kind of) of the Sprockets gem.",
            "support": {
                "source": "https://github.com/afroald/php-sprockets/tree/master",
                "issues": "https://github.com/afroald/php-sprockets/issues"
            },
            "time": "2014-05-13 20:12:09"
        },
        {
            "name": "chh/shellwords",
            "version": "v0.1.0",
            "source": {
                "type": "git",
                "url": "https://github.com/CHH/shellwords.git",
                "reference": "8cd0e82d36ca71ae6f43466412c611249f71288c"
            },
            "dist": {
                "type": "zip",
                "url": "https://api.github.com/repos/CHH/shellwords/zipball/8cd0e82d36ca71ae6f43466412c611249f71288c",
                "reference": "8cd0e82d36ca71ae6f43466412c611249f71288c",
                "shasum": ""
            },
            "require": {
                "php": ">=5.3.3"
            },
            "type": "library",
            "autoload": {
                "psr-0": {
                    "CHH": "lib/"
                }
            },
            "notification-url": "https://packagist.org/downloads/",
            "license": [
                "MIT"
            ],
            "description": "Lame port of Ruby's Shellwords.rb",
            "time": "2012-12-28 15:47:39"
        },
        {
            "name": "illuminate/support",
            "version": "4.0.x-dev",
            "target-dir": "Illuminate/Support",
            "source": {
                "type": "git",
                "url": "https://github.com/illuminate/support.git",
                "reference": "11ae214c05cce720abeac5443df3f1c27c7eae31"
            },
            "dist": {
                "type": "zip",
                "url": "https://api.github.com/repos/illuminate/support/zipball/11ae214c05cce720abeac5443df3f1c27c7eae31",
                "reference": "11ae214c05cce720abeac5443df3f1c27c7eae31",
                "shasum": ""
            },
            "require": {
                "php": ">=5.3.0"
            },
            "require-dev": {
                "mockery/mockery": "0.7.2",
                "patchwork/utf8": "1.1.*",
                "phpunit/phpunit": "3.7.*"
            },
            "type": "library",
            "extra": {
                "branch-alias": {
                    "dev-master": "4.0-dev"
                }
            },
            "autoload": {
                "psr-0": {
                    "Illuminate\\Support": ""
                },
                "files": [
                    "Illuminate/Support/helpers.php"
                ]
            },
            "notification-url": "https://packagist.org/downloads/",
            "license": [
                "MIT"
            ],
            "authors": [
                {
                    "name": "Taylor Otwell",
                    "email": "taylorotwell@gmail.com",
                    "homepage": "https://github.com/taylorotwell",
                    "role": "Creator of Laravel"
                }
            ],
            "time": "2013-12-05 19:57:51"
        },
        {
            "name": "symfony/filesystem",
            "version": "2.3.x-dev",
            "target-dir": "Symfony/Component/Filesystem",
            "source": {
                "type": "git",
                "url": "https://github.com/symfony/Filesystem.git",
                "reference": "69e476c4db31c43ab7ab797adc5fc73d20aa5571"
            },
            "dist": {
                "type": "zip",
                "url": "https://api.github.com/repos/symfony/Filesystem/zipball/69e476c4db31c43ab7ab797adc5fc73d20aa5571",
                "reference": "69e476c4db31c43ab7ab797adc5fc73d20aa5571",
                "shasum": ""
            },
            "require": {
                "php": ">=5.3.3"
            },
            "type": "library",
            "extra": {
                "branch-alias": {
                    "dev-master": "2.3-dev"
                }
            },
            "autoload": {
                "psr-0": {
                    "Symfony\\Component\\Filesystem\\": ""
                }
            },
            "notification-url": "https://packagist.org/downloads/",
            "license": [
                "MIT"
            ],
            "authors": [
                {
                    "name": "Fabien Potencier",
                    "email": "fabien@symfony.com",
                    "homepage": "http://fabien.potencier.org",
                    "role": "Lead Developer"
                },
                {
                    "name": "Symfony Community",
                    "homepage": "http://symfony.com/contributors"
                }
            ],
            "description": "Symfony Filesystem Component",
            "homepage": "http://symfony.com",
            "time": "2014-04-16 10:30:19"
        },
        {
            "name": "symfony/finder",
            "version": "2.3.x-dev",
            "target-dir": "Symfony/Component/Finder",
            "source": {
                "type": "git",
                "url": "https://github.com/symfony/Finder.git",
                "reference": "d245bf77629d81e39c848a822bcf6a54c279b3af"
            },
            "dist": {
                "type": "zip",
                "url": "https://api.github.com/repos/symfony/Finder/zipball/d245bf77629d81e39c848a822bcf6a54c279b3af",
                "reference": "d245bf77629d81e39c848a822bcf6a54c279b3af",
                "shasum": ""
            },
            "require": {
                "php": ">=5.3.3"
            },
            "type": "library",
            "extra": {
                "branch-alias": {
                    "dev-master": "2.3-dev"
                }
            },
            "autoload": {
                "psr-0": {
                    "Symfony\\Component\\Finder\\": ""
                }
            },
            "notification-url": "https://packagist.org/downloads/",
            "license": [
                "MIT"
            ],
            "authors": [
                {
                    "name": "Fabien Potencier",
                    "email": "fabien@symfony.com",
                    "homepage": "http://fabien.potencier.org",
                    "role": "Lead Developer"
                },
                {
                    "name": "Symfony Community",
                    "homepage": "http://symfony.com/contributors"
                }
            ],
            "description": "Symfony Finder Component",
            "homepage": "http://symfony.com",
            "time": "2014-05-01 22:38:16"
        },
        {
            "name": "symfony/http-foundation",
            "version": "2.3.x-dev",
            "target-dir": "Symfony/Component/HttpFoundation",
            "source": {
                "type": "git",
                "url": "https://github.com/symfony/HttpFoundation.git",
                "reference": "9a7e1cbf3f7a207050aa362aab3299b688fb8333"
            },
            "dist": {
                "type": "zip",
                "url": "https://api.github.com/repos/symfony/HttpFoundation/zipball/9a7e1cbf3f7a207050aa362aab3299b688fb8333",
                "reference": "9a7e1cbf3f7a207050aa362aab3299b688fb8333",
                "shasum": ""
            },
            "require": {
                "php": ">=5.3.3"
            },
            "type": "library",
            "extra": {
                "branch-alias": {
                    "dev-master": "2.3-dev"
                }
            },
            "autoload": {
                "psr-0": {
                    "Symfony\\Component\\HttpFoundation\\": ""
                },
                "classmap": [
                    "Symfony/Component/HttpFoundation/Resources/stubs"
                ]
            },
            "notification-url": "https://packagist.org/downloads/",
            "license": [
                "MIT"
            ],
            "authors": [
                {
                    "name": "Fabien Potencier",
                    "email": "fabien@symfony.com",
                    "homepage": "http://fabien.potencier.org",
                    "role": "Lead Developer"
                },
                {
                    "name": "Symfony Community",
                    "homepage": "http://symfony.com/contributors"
                }
            ],
            "description": "Symfony HttpFoundation Component",
            "homepage": "http://symfony.com",
            "time": "2014-04-28 16:17:17"
        },
        {
            "name": "symfony/process",
            "version": "2.3.x-dev",
            "target-dir": "Symfony/Component/Process",
            "source": {
                "type": "git",
                "url": "https://github.com/symfony/Process.git",
                "reference": "8912ae3039bd0f79c8bef3d04063d52b35b290b1"
            },
            "dist": {
                "type": "zip",
                "url": "https://api.github.com/repos/symfony/Process/zipball/8912ae3039bd0f79c8bef3d04063d52b35b290b1",
                "reference": "8912ae3039bd0f79c8bef3d04063d52b35b290b1",
                "shasum": ""
            },
            "require": {
                "php": ">=5.3.3"
            },
            "type": "library",
            "extra": {
                "branch-alias": {
                    "dev-master": "2.3-dev"
                }
            },
            "autoload": {
                "psr-0": {
                    "Symfony\\Component\\Process\\": ""
                }
            },
            "notification-url": "https://packagist.org/downloads/",
            "license": [
                "MIT"
            ],
            "authors": [
                {
                    "name": "Fabien Potencier",
                    "email": "fabien@symfony.com",
                    "homepage": "http://fabien.potencier.org",
                    "role": "Lead Developer"
                },
                {
                    "name": "Symfony Community",
                    "homepage": "http://symfony.com/contributors"
                }
            ],
            "description": "Symfony Process Component",
            "homepage": "http://symfony.com",
            "time": "2014-04-24 13:28:08"
        }
    ],
    "packages-dev": [
        {
            "name": "oodle/krumo",
            "version": "v0.2.3",
            "source": {
                "type": "git",
                "url": "https://github.com/oodle/krumo.git",
                "reference": "29fd75f37c159c3691cdf2a7c09a59bccb3b533e"
            },
            "dist": {
                "type": "zip",
                "url": "https://api.github.com/repos/oodle/krumo/zipball/29fd75f37c159c3691cdf2a7c09a59bccb3b533e",
                "reference": "29fd75f37c159c3691cdf2a7c09a59bccb3b533e",
                "shasum": ""
            },
            "require": {
                "php": ">=5.2.17"
            },
            "type": "library",
            "autoload": {
                "files": [
                    "class.krumo.php"
                ]
            },
            "notification-url": "https://packagist.org/downloads/",
            "license": [
                "LGPL"
            ],
            "authors": [
                {
                    "name": "Kaloyan K. Tsvetkov",
                    "email": "kaloyan@kaloyan.info"
                },
                {
                    "name": "Matthew J. Mucklo",
                    "email": "mmucklo@corp.oodle.com"
                },
                {
                    "name": "Stefan Thomas",
                    "email": "moon@justmoon.de"
                }
            ],
            "description": "KRUMO - version 2.0 of print_r(); and var_dump(); (with new updates)",
            "keywords": [
                "debug",
                "debugging",
                "krumo",
                "pretty",
                "print",
                "print_r",
                "var_dump"
            ],
            "time": "2013-06-28 22:47:04"
        }
    ],
    "aliases": [],
    "minimum-stability": "dev",
    "stability-flags": {
        "afroald/php-sprockets": 20
    },
    "platform": {
        "php": ">=5.3.7"
    },
    "platform-dev": []
}
